[[packages]]
id = 'yurrriq/clippings@dir+/Users/mohacker/src/github.com/yurrriq/clippings'
version = '0.1.0'

[[packages.dependencies]]
id = 'ziman/lightyear@git+https://github.com/yurrriq/lightyear#874edb5dea8f40d273462d979127f29f03cff470'
version = '0.1.0'

[[packages]]
id = 'ziman/lightyear@git+https://github.com/yurrriq/lightyear#874edb5dea8f40d273462d979127f29f03cff470'
version = '0.1.0'
dependencies = []
